
Microsoft Visual Studio Solution File, Format Version 12.00
Project("{FAE04EC0-301F-11D3-BF4B-00C04F79EFBC}") = "coding-challenges", "coding-challenges.csproj", "{EA0BE21B-EB17-42A1-825A-9170207D8375}"
EndProject
Global
	GlobalSection(SolutionConfigurationPlatforms) = preSolution
		Debug|Any CPU = Debug|Any CPU
		Release|Any CPU = Release|Any CPU
	EndGlobalSection
	GlobalSection(ProjectConfigurationPlatforms) = postSolution
		{EA0BE21B-EB17-42A1-825A-9170207D8375}.Debug|Any CPU.ActiveCfg = Debug|Any CPU
		{EA0BE21B-EB17-42A1-825A-9170207D8375}.Debug|Any CPU.Build.0 = Debug|Any CPU
		{EA0BE21B-EB17-42A1-825A-9170207D8375}.Release|Any CPU.ActiveCfg = Release|Any CPU
		{EA0BE21B-EB17-42A1-825A-9170207D8375}.Release|Any CPU.Build.0 = Release|Any CPU
	EndGlobalSection
EndGlobal
